{
  "name": "fyro",
  "lockfileVersion": 3,
  "requires": true,
  "packages": {
    "": {
      "name": "fyro",
      "workspaces": [
        "shared",
        "server",
        "client"
      ]
    },
    "node_modules/@fyro/shared": {
      "resolved": "shared",
      "link": true
    },
    "shared": {
      "name": "@fyro/shared",
      "version": "1.0.0"
    }
  }
}
